
Microsoft Visual Studio Solution File, Format Version 12.00
# Visual Studio Version 17
VisualStudioVersion = 17.0.31903.59
MinimumVisualStudioVersion = 10.0.40219.1
Project("{2150E333-8FDC-42A3-9474-1A3956D46DE8}") = "src", "src", "{84490D82-AEDB-48C4-9E26-15B5E9D28D08}"
EndProject
Project("{FAE04EC0-301F-11D3-BF4B-00C04F79EFBC}") = "Examples.EntityFrameworkCore", "src\Examples.EntityFrameworkCore\Examples.EntityFrameworkCore.csproj", "{4FDE4B5C-A996-47D9-90F6-FE13EA9936E6}"
EndProject
Project("{FAE04EC0-301F-11D3-BF4B-00C04F79EFBC}") = "Examples.EntityFrameworkCore.Tests", "src\Examples.EntityFrameworkCore.Tests\Examples.EntityFrameworkCore.Tests.csproj", "{00AB6B2C-08A0-4FB5-A687-7820EC1CC686}"
EndProject
Project("{FAE04EC0-301F-11D3-BF4B-00C04F79EFBC}") = "Examples.EntityFrameworkCore.SQLite.Tests", "src\Examples.EntityFrameworkCore.SQLite.Tests\Examples.EntityFrameworkCore.SQLite.Tests.csproj", "{923F2BF2-D2E4-493F-99AC-1CE3A85018AB}"
EndProject
Project("{FAE04EC0-301F-11D3-BF4B-00C04F79EFBC}") = "Examples.EntityFrameworkCore.SqlServer.Tests", "src\Examples.EntityFrameworkCore.SqlServer.Tests\Examples.EntityFrameworkCore.SqlServer.Tests.csproj", "{A43C63C4-E5D6-4B79-9DFB-3D39FBDEFD93}"
EndProject
Global
	GlobalSection(SolutionConfigurationPlatforms) = preSolution
		Debug|Any CPU = Debug|Any CPU
		Release|Any CPU = Release|Any CPU
	EndGlobalSection
	GlobalSection(SolutionProperties) = preSolution
		HideSolutionNode = FALSE
	EndGlobalSection
	GlobalSection(ProjectConfigurationPlatforms) = postSolution
		{4FDE4B5C-A996-47D9-90F6-FE13EA9936E6}.Debug|Any CPU.ActiveCfg = Debug|Any CPU
		{4FDE4B5C-A996-47D9-90F6-FE13EA9936E6}.Debug|Any CPU.Build.0 = Debug|Any CPU
		{4FDE4B5C-A996-47D9-90F6-FE13EA9936E6}.Release|Any CPU.ActiveCfg = Release|Any CPU
		{4FDE4B5C-A996-47D9-90F6-FE13EA9936E6}.Release|Any CPU.Build.0 = Release|Any CPU
		{00AB6B2C-08A0-4FB5-A687-7820EC1CC686}.Debug|Any CPU.ActiveCfg = Debug|Any CPU
		{00AB6B2C-08A0-4FB5-A687-7820EC1CC686}.Debug|Any CPU.Build.0 = Debug|Any CPU
		{00AB6B2C-08A0-4FB5-A687-7820EC1CC686}.Release|Any CPU.ActiveCfg = Release|Any CPU
		{00AB6B2C-08A0-4FB5-A687-7820EC1CC686}.Release|Any CPU.Build.0 = Release|Any CPU
		{923F2BF2-D2E4-493F-99AC-1CE3A85018AB}.Debug|Any CPU.ActiveCfg = Debug|Any CPU
		{923F2BF2-D2E4-493F-99AC-1CE3A85018AB}.Debug|Any CPU.Build.0 = Debug|Any CPU
		{923F2BF2-D2E4-493F-99AC-1CE3A85018AB}.Release|Any CPU.ActiveCfg = Release|Any CPU
		{923F2BF2-D2E4-493F-99AC-1CE3A85018AB}.Release|Any CPU.Build.0 = Release|Any CPU
		{A43C63C4-E5D6-4B79-9DFB-3D39FBDEFD93}.Debug|Any CPU.ActiveCfg = Debug|Any CPU
		{A43C63C4-E5D6-4B79-9DFB-3D39FBDEFD93}.Debug|Any CPU.Build.0 = Debug|Any CPU
		{A43C63C4-E5D6-4B79-9DFB-3D39FBDEFD93}.Release|Any CPU.ActiveCfg = Release|Any CPU
		{A43C63C4-E5D6-4B79-9DFB-3D39FBDEFD93}.Release|Any CPU.Build.0 = Release|Any CPU
	EndGlobalSection
	GlobalSection(NestedProjects) = preSolution
		{4FDE4B5C-A996-47D9-90F6-FE13EA9936E6} = {84490D82-AEDB-48C4-9E26-15B5E9D28D08}
		{00AB6B2C-08A0-4FB5-A687-7820EC1CC686} = {84490D82-AEDB-48C4-9E26-15B5E9D28D08}
		{923F2BF2-D2E4-493F-99AC-1CE3A85018AB} = {84490D82-AEDB-48C4-9E26-15B5E9D28D08}
		{A43C63C4-E5D6-4B79-9DFB-3D39FBDEFD93} = {84490D82-AEDB-48C4-9E26-15B5E9D28D08}
	EndGlobalSection
EndGlobal
